// !$*UTF8*$!
{
	archiveVersion = 1;
	classes = {
	};
	objectVersion = 46;
	objects = {

/* Begin PBXBuildFile section */
		FA89391B1BDED294001F476D /* AppDelegate.swift in Sources */ = {isa = PBXBuildFile; fileRef = FA89391A1BDED294001F476D /* AppDelegate.swift */; };
		FA89391D1BDED294001F476D /* ViewController.swift in Sources */ = {isa = PBXBuildFile; fileRef = FA89391C1BDED294001F476D /* ViewController.swift */; };
		FA8939201BDED294001F476D /* Main.storyboard in Resources */ = {isa = PBXBuildFile; fileRef = FA89391E1BDED294001F476D /* Main.storyboard */; };
		FA8939221BDED294001F476D /* Assets.xcassets in Resources */ = {isa = PBXBuildFile; fileRef = FA8939211BDED294001F476D /* Assets.xcassets */; };
		FA8939251BDED294001F476D /* LaunchScreen.storyboard in Resources */ = {isa = PBXBuildFile; fileRef = FA8939231BDED294001F476D /* LaunchScreen.storyboard */; };
/* End PBXBuildFile section */

/* Begin PBXFileReference section */
		FA8939171BDED294001F476D /* How Many Fingers?.app */ = {isa = PBXFileReference; explicitFileType = wrapper.application; includeInIndex = 0; path = "How Many Fingers?.app"; sourceTree = BUILT_PRODUCTS_DIR; };
		FA89391A1BDED294001F476D /* AppDelegate.swift */ = {isa = PBXFileReference; lastKnownFileType = sourcecode.swift; path = AppDelegate.swift; sourceTree = "<group>"; };
		FA89391C1BDED294001F476D /* ViewController.swift */ = {isa = PBXFileReference; lastKnownFileType = sourcecode.swift; path = ViewController.swift; sourceTree = "<group>"; };
		FA89391F1BDED294001F476D /* Base */ = {isa = PBXFileReference; lastKnownFileType = file.storyboard; name = Base; path = Base.lproj/Main.storyboard; sourceTree = "<group>"; };
		FA8939211BDED294001F476D /* Assets.xcassets */ = {isa = PBXFileReference; lastKnownFileType = folder.assetcatalog; path = Assets.xcassets; sourceTree = "<group>"; };
		FA8939241BDED294001F476D /* Base */ = {isa = PBXFileReference; lastKnownFileType = file.storyboard; name = Base; path = Base.lproj/LaunchScreen.storyboard; sourceTree = "<group>"; };
		FA8939261BDED294001F476D /* Info.plist */ = {isa = PBXFileReference; lastKnownFileType = text.plist.xml; path = Info.plist; sourceTree = "<group>"; };
/* End PBXFileReference section */

/* Begin PBXFrameworksBuildPhase section */
		FA8939141BDED294001F476D /* Frameworks */ = {
			isa = PBXFrameworksBuildPhase;
			buildActionMask = 2147483647;
			files = (
			);
			runOnlyForDeploymentPostprocessing = 0;
		};
/* End PBXFrameworksBuildPhase section */

/* Begin PBXGroup section */
		FA89390E1BDED294001F476D = {
			isa = PBXGroup;
			children = (
				FA8939191BDED294001F476D /* How Many Fingers? */,
				FA8939181BDED294001F476D /* Products */,
			);
			sourceTree = "<group>";
		};
		FA8939181BDED294001F476D /* Products */ = {
			isa = PBXGroup;
			children = (
				FA8939171BDED294001F476D /* How Many Fingers?.app */,
			);
			name = Products;
			sourceTree = "<group>";
		};
		FA8939191BDED294001F476D /* How Many Fingers? */ = {
			isa = PBXGroup;
			children = (
				FA89391A1BDED294001F476D /* AppDelegate.swift */,
				FA89391C1BDED294001F476D /* ViewController.swift */,
				FA89391E1BDED294001F476D /* Main.storyboard */,
				FA8939211BDED294001F476D /* Assets.xcassets */,
				FA8939231BDED294001F476D /* LaunchScreen.storyboard */,
				FA8939261BDED294001F476D /* Info.plist */,
			);
			path = "How Many Fingers?";
			sourceTree = "<group>";
		};
/* End PBXGroup section */

/* Begin PBXNativeTarget section */
		FA8939161BDED294001F476D /* How Many Fingers? */ = {
			isa = PBXNativeTarget;
			buildConfigurationList = FA8939291BDED294001F476D /* Build configuration list for PBXNativeTarget "How Many Fingers?" */;
			buildPhases = (
				FA8939131BDED294001F476D /* Sources */,
				FA8939141BDED294001F476D /* Frameworks */,
				FA8939151BDED294001F476D /* Resources */,
			);
			buildRules = (
			);
			dependencies = (
			);
			name = "How Many Fingers?";
			productName = "How Many Fingers?";
			productReference = FA8939171BDED294001F476D /* How Many Fingers?.app */;
			productType = "com.apple.product-type.application";
		};
/* End PBXNativeTarget section */

/* Begin PBXProject section */
		FA89390F1BDED294001F476D /* Project object */ = {
			isa = PBXProject;
			attributes = {
				LastUpgradeCheck = 0700;
				ORGANIZATIONNAME = "Jared Allen";
				TargetAttributes = {
					FA8939161BDED294001F476D = {
						CreatedOnToolsVersion = 7.0.1;
						DevelopmentTeam = 8W8VUK9UZ3;
					};
				};
			};
			buildConfigurationList = FA8939121BDED294001F476D /* Build configuration list for PBXProject "How Many Fingers?" */;
			compatibilityVersion = "Xcode 3.2";
			developmentRegion = English;
			hasScannedForEncodings = 0;
			knownRegions = (
				en,
				Base,
			);
			mainGroup = FA89390E1BDED294001F476D;
			productRefGroup = FA8939181BDED294001F476D /* Products */;
			projectDirPath = "";
			projectRoot = "";
			targets = (
				FA8939161BDED294001F476D /* How Many Fingers? */,
			);
		};
/* End PBXProject section */

/* Begin PBXResourcesBuildPhase section */
		FA8939151BDED294001F476D /* Resources */ = {
			isa = PBXResourcesBuildPhase;
			buildActionMask = 2147483647;
			files = (
				FA8939251BDED294001F476D /* LaunchScreen.storyboard in Resources */,
				FA8939221BDED294001F476D /* Assets.xcassets in Resources */,
				FA8939201BDED294001F476D /* Main.storyboard in Resources */,
			);
			runOnlyForDeploymentPostprocessing = 0;
		};
/* End PBXResourcesBuildPhase section */

/* Begin PBXSourcesBuildPhase section */
		FA8939131BDED294001F476D /* Sources */ = {
			isa = PBXSourcesBuildPhase;
			buildActionMask = 2147483647;
			files = (
				FA89391D1BDED294001F476D /* ViewController.swift in Sources */,
				FA89391B1BDED294001F476D /* AppDelegate.swift in Sources */,
			);
			runOnlyForDeploymentPostprocessing = 0;
		};
/* End PBXSourcesBuildPhase section */

/* Begin PBXVariantGroup section */
		FA89391E1BDED294001F476D /* Main.storyboard */ = {
			isa = PBXVariantGroup;
			children = (
				FA89391F1BDED294001F476D /* Base */,
			);
			name = Main.storyboard;
			sourceTree = "<group>";
		};
		FA8939231BDED294001F476D /* LaunchScreen.storyboard */ = {
			isa = PBXVariantGroup;
			children = (
				FA8939241BDED294001F476D /* Base */,
			);
			name = LaunchScreen.storyboard;
			sourceTree = "<group>";
		};
/* End PBXVariantGroup section */

/* Begin XCBuildConfiguration section */
		FA8939271BDED294001F476D /* Debug */ = {
			isa = XCBuildConfiguration;
			buildSettings = {
				ALWAYS_SEARCH_USER_PATHS = NO;
				CLANG_CXX_LANGUAGE_STANDARD = "gnu++0x";
				CLANG_CXX_LIBRARY = "libc++";
				CLANG_ENABLE_MODULES = YES;
				CLANG_ENABLE_OBJC_ARC = YES;
				CLANG_WARN_BOOL_CONVERSION = YES;
				CLANG_WARN_CONSTANT_CONVERSION = YES;
				CLANG_WARN_DIRECT_OBJC_ISA_USAGE = YES_ERROR;
				CLANG_WARN_EMPTY_BODY = YES;
				CLANG_WARN_ENUM_CONVERSION = YES;
				CLANG_WARN_INT_CONVERSION = YES;
				CLANG_WARN_OBJC_ROOT_CLASS = YES_ERROR;
				CLANG_WARN_UNREACHABLE_CODE = YES;
				CLANG_WARN__DUPLICATE_METHOD_MATCH = YES;
				"CODE_SIGN_IDENTITY[sdk=iphoneos*]" = "iPhone Developer";
				COPY_PHASE_STRIP = NO;
				DEBUG_INFORMATION_FORMAT = dwarf;
				ENABLE_STRICT_OBJC_MSGSEND = YES;
				ENABLE_TESTABILITY = YES;
				GCC_C_LANGUAGE_STANDARD = gnu99;
				GCC_DYNAMIC_NO_PIC = NO;
				GCC_NO_COMMON_BLOCKS = YES;
				GCC_OPTIMIZATION_LEVEL = 0;
				GCC_PREPROCESSOR_DEFINITIONS = (
					"DEBUG=1",
					"$(inherited)",
				);
				GCC_WARN_64_TO_32_BIT_CONVERSION = YES;
				GCC_WARN_ABOUT_RETURN_TYPE = YES_ERROR;
				GCC_WARN_UNDECLARED_SELECTOR = YES;
				GCC_WARN_UNINITIALIZED_AUTOS = YES_AGGRESSIVE;
				GCC_WARN_UNUSED_FUNCTION = YES;
				GCC_WARN_UNUSED_VARIABLE = YES;
				IPHONEOS_DEPLOYMENT_TARGET = 9.0;
				MTL_ENABLE_DEBUG_INFO = YES;
				ONLY_ACTIVE_ARCH = YES;
				SDKROOT = iphoneos;
				SWIFT_OPTIMIZATION_LEVEL = "-Onone";
			};
			name = Debug;
		};
		FA8939281BDED294001F476D /* Release */ = {
			isa = XCBuildConfiguration;
			buildSettings = {
				ALWAYS_SEARCH_USER_PATHS = NO;
				CLANG_CXX_LANGUAGE_STANDARD = "gnu++0x";
				CLANG_CXX_LIBRARY = "libc++";
				CLANG_ENABLE_MODULES = YES;
				CLANG_ENABLE_OBJC_ARC = YES;
				CLANG_WARN_BOOL_CONVERSION = YES;
				CLANG_WARN_CONSTANT_CONVERSION = YES;
				CLANG_WARN_DIRECT_OBJC_ISA_USAGE = YES_ERROR;
				CLANG_WARN_EMPTY_BODY = YES;
				CLANG_WARN_ENUM_CONVERSION = YES;
				CLANG_WARN_INT_CONVERSION = YES;
				CLANG_WARN_OBJC_ROOT_CLASS = YES_ERROR;
				CLANG_WARN_UNREACHABLE_CODE = YES;
				CLANG_WARN__DUPLICATE_METHOD_MATCH = YES;
				"CODE_SIGN_IDENTITY[sdk=iphoneos*]" = "iPhone Developer";
				COPY_PHASE_STRIP = NO;
				DEBUG_INFORMATION_FORMAT = "dwarf-with-dsym";
				ENABLE_NS_ASSERTIONS = NO;
				ENABLE_STRICT_OBJC_MSGSEND = YES;
				GCC_C_LANGUAGE_STANDARD = gnu99;
				GCC_NO_COMMON_BLOCKS = YES;
				GCC_WARN_64_TO_32_BIT_CONVERSION = YES;
				GCC_WARN_ABOUT_RETURN_TYPE = YES_ERROR;
				GCC_WARN_UNDECLARED_SELECTOR = YES;
				GCC_WARN_UNINITIALIZED_AUTOS = YES_AGGRESSIVE;
				GCC_WARN_UNUSED_FUNCTION = YES;
				GCC_WARN_UNUSED_VARIABLE = YES;
				IPHONEOS_DEPLOYMENT_TARGET = 9.0;
				MTL_ENABLE_DEBUG_INFO = NO;
				SDKROOT = iphoneos;
				VALIDATE_PRODUCT = YES;
			};
			name = Release;
		};
		FA89392A1BDED294001F476D /* Debug */ = {
			isa = XCBuildConfiguration;
			buildSettings = {
				ASSETCATALOG_COMPILER_APPICON_NAME = AppIcon;
				INFOPLIST_FILE = "How Many Fingers?/Info.plist";
				LD_RUNPATH_SEARCH_PATHS = "$(inherited) @executable_path/Frameworks";
				PRODUCT_BUNDLE_IDENTIFIER = "com.jaredallen.How-Many-Fingers-";
				PRODUCT_NAME = "$(TARGET_NAME)";
			};
			name = Debug;
		};
		FA89392B1BDED294001F476D /* Release */ = {
			isa = XCBuildConfiguration;
			buildSettings = {
				ASSETCATALOG_COMPILER_APPICON_NAME = AppIcon;
				INFOPLIST_FILE = "How Many Fingers?/Info.plist";
				LD_RUNPATH_SEARCH_PATHS = "$(inherited) @executable_path/Frameworks";
				PRODUCT_BUNDLE_IDENTIFIER = "com.jaredallen.How-Many-Fingers-";
				PRODUCT_NAME = "$(TARGET_NAME)";
			};
			name = Release;
		};
/* End XCBuildConfiguration section */

/* Begin XCConfigurationList section */
		FA8939121BDED294001F476D /* Build configuration list for PBXProject "How Many Fingers?" */ = {
			isa = XCConfigurationList;
			buildConfigurations = (
				FA8939271BDED294001F476D /* Debug */,
				FA8939281BDED294001F476D /* Release */,
			);
			defaultConfigurationIsVisible = 0;
			defaultConfigurationName = Release;
		};
		FA8939291BDED294001F476D /* Build configuration list for PBXNativeTarget "How Many Fingers?" */ = {
			isa = XCConfigurationList;
			buildConfigurations = (
				FA89392A1BDED294001F476D /* Debug */,
				FA89392B1BDED294001F476D /* Release */,
			);
			defaultConfigurationIsVisible = 0;
		};
/* End XCConfigurationList section */
	};
	rootObject = FA89390F1BDED294001F476D /* Project object */;
}
